
Microsoft Visual Studio Solution File, Format Version 12.00
# Visual Studio 14
VisualStudioVersion = 14.0.25420.1
MinimumVisualStudioVersion = 10.0.40219.1
Project("{FAE04EC0-301F-11D3-BF4B-00C04F79EFBC}") = "School", "School\School.csproj", "{20C622F9-505E-48E7-82EF-A3E1EB092DB3}"
EndProject
Project("{FAE04EC0-301F-11D3-BF4B-00C04F79EFBC}") = "Photo album", "Photo album\Photo album.csproj", "{7EB68519-919F-4AF5-B9DC-468E26B198A9}"
EndProject
Project("{FAE04EC0-301F-11D3-BF4B-00C04F79EFBC}") = "Calculator", "Calculator\Calculator.csproj", "{B0481640-6280-440F-BE4C-EF7CB9C4633C}"
EndProject
Global
	GlobalSection(SolutionConfigurationPlatforms) = preSolution
		Debug|Any CPU = Debug|Any CPU
		Release|Any CPU = Release|Any CPU
	EndGlobalSection
	GlobalSection(ProjectConfigurationPlatforms) = postSolution
		{20C622F9-505E-48E7-82EF-A3E1EB092DB3}.Debug|Any CPU.ActiveCfg = Debug|Any CPU
		{20C622F9-505E-48E7-82EF-A3E1EB092DB3}.Debug|Any CPU.Build.0 = Debug|Any CPU
		{20C622F9-505E-48E7-82EF-A3E1EB092DB3}.Release|Any CPU.ActiveCfg = Release|Any CPU
		{20C622F9-505E-48E7-82EF-A3E1EB092DB3}.Release|Any CPU.Build.0 = Release|Any CPU
		{7EB68519-919F-4AF5-B9DC-468E26B198A9}.Debug|Any CPU.ActiveCfg = Debug|Any CPU
		{7EB68519-919F-4AF5-B9DC-468E26B198A9}.Debug|Any CPU.Build.0 = Debug|Any CPU
		{7EB68519-919F-4AF5-B9DC-468E26B198A9}.Release|Any CPU.ActiveCfg = Release|Any CPU
		{7EB68519-919F-4AF5-B9DC-468E26B198A9}.Release|Any CPU.Build.0 = Release|Any CPU
		{B0481640-6280-440F-BE4C-EF7CB9C4633C}.Debug|Any CPU.ActiveCfg = Debug|Any CPU
		{B0481640-6280-440F-BE4C-EF7CB9C4633C}.Debug|Any CPU.Build.0 = Debug|Any CPU
		{B0481640-6280-440F-BE4C-EF7CB9C4633C}.Release|Any CPU.ActiveCfg = Release|Any CPU
		{B0481640-6280-440F-BE4C-EF7CB9C4633C}.Release|Any CPU.Build.0 = Release|Any CPU
	EndGlobalSection
	GlobalSection(SolutionProperties) = preSolution
		HideSolutionNode = FALSE
	EndGlobalSection
EndGlobal
